{
  "name": "api_project",
  "lockfileVersion": 2,
  "requires": true,
  "packages": {
    "": {
      "dependencies": {
        "@fawazahmed0/currency-api": "^2024.10.25"
      }
    },
    "node_modules/@fawazahmed0/currency-api": {
      "version": "2024.10.25",
      "resolved": "https://registry.npmjs.org/@fawazahmed0/currency-api/-/currency-api-2024.10.25.tgz",
      "integrity": "sha512-77S16hQ6pXIKYx0ecakE7XJkJsRkq6xSYa9h/lGzvyIOgDTgGOOUvG/HCSLBv1qvFGvKGFlkGhnvImgNPdaYPg=="
    }
  },
  "dependencies": {
    "@fawazahmed0/currency-api": {
      "version": "2024.10.25",
      "resolved": "https://registry.npmjs.org/@fawazahmed0/currency-api/-/currency-api-2024.10.25.tgz",
      "integrity": "sha512-77S16hQ6pXIKYx0ecakE7XJkJsRkq6xSYa9h/lGzvyIOgDTgGOOUvG/HCSLBv1qvFGvKGFlkGhnvImgNPdaYPg=="
    }
  }
}
